
Microsoft Visual Studio Solution File, Format Version 12.00
# Visual Studio Version 16
VisualStudioVersion = 16.0.31025.194
MinimumVisualStudioVersion = 10.0.40219.1
Project("{FAE04EC0-301F-11D3-BF4B-00C04F79EFBC}") = "Test5", "Test5\Test5.csproj", "{F069A86B-2263-425E-A08D-370E826603FE}"
EndProject
Global
	GlobalSection(SolutionConfigurationPlatforms) = preSolution
		Debug|Any CPU = Debug|Any CPU
		Release|Any CPU = Release|Any CPU
	EndGlobalSection
	GlobalSection(ProjectConfigurationPlatforms) = postSolution
		{F069A86B-2263-425E-A08D-370E826603FE}.Debug|Any CPU.ActiveCfg = Debug|Any CPU
		{F069A86B-2263-425E-A08D-370E826603FE}.Debug|Any CPU.Build.0 = Debug|Any CPU
		{F069A86B-2263-425E-A08D-370E826603FE}.Release|Any CPU.ActiveCfg = Release|Any CPU
		{F069A86B-2263-425E-A08D-370E826603FE}.Release|Any CPU.Build.0 = Release|Any CPU
	EndGlobalSection
	GlobalSection(SolutionProperties) = preSolution
		HideSolutionNode = FALSE
	EndGlobalSection
	GlobalSection(ExtensibilityGlobals) = postSolution
		SolutionGuid = {B2532A9B-358D-4510-B635-1A723E38506E}
	EndGlobalSection
EndGlobal
